
Microsoft Visual Studio Solution File, Format Version 12.00
# Visual Studio Version 17
VisualStudioVersion = 17.3.32922.545
MinimumVisualStudioVersion = 10.0.40219.1
Project("{9A19103F-16F7-4668-BE54-9A1E7A4F7556}") = "ToDoList", "ToDoList\ToDoList.csproj", "{987AC112-0446-4681-B346-AB648A9920C4}"
EndProject
Project("{9A19103F-16F7-4668-BE54-9A1E7A4F7556}") = "DAL", "DAL\DAL.csproj", "{61CB51FD-CE21-4505-A10F-C092BC4B2A7F}"
EndProject
Project("{FAE04EC0-301F-11D3-BF4B-00C04F79EFBC}") = "BLL", "BLL\BLL.csproj", "{0ACB6669-A921-4C7F-808F-4903A6CBDE26}"
EndProject
Global
	GlobalSection(SolutionConfigurationPlatforms) = preSolution
		Debug|Any CPU = Debug|Any CPU
		Release|Any CPU = Release|Any CPU
	EndGlobalSection
	GlobalSection(ProjectConfigurationPlatforms) = postSolution
		{987AC112-0446-4681-B346-AB648A9920C4}.Debug|Any CPU.ActiveCfg = Debug|Any CPU
		{987AC112-0446-4681-B346-AB648A9920C4}.Debug|Any CPU.Build.0 = Debug|Any CPU
		{987AC112-0446-4681-B346-AB648A9920C4}.Release|Any CPU.ActiveCfg = Release|Any CPU
		{987AC112-0446-4681-B346-AB648A9920C4}.Release|Any CPU.Build.0 = Release|Any CPU
		{61CB51FD-CE21-4505-A10F-C092BC4B2A7F}.Debug|Any CPU.ActiveCfg = Debug|Any CPU
		{61CB51FD-CE21-4505-A10F-C092BC4B2A7F}.Debug|Any CPU.Build.0 = Debug|Any CPU
		{61CB51FD-CE21-4505-A10F-C092BC4B2A7F}.Release|Any CPU.ActiveCfg = Release|Any CPU
		{61CB51FD-CE21-4505-A10F-C092BC4B2A7F}.Release|Any CPU.Build.0 = Release|Any CPU
		{0ACB6669-A921-4C7F-808F-4903A6CBDE26}.Debug|Any CPU.ActiveCfg = Debug|Any CPU
		{0ACB6669-A921-4C7F-808F-4903A6CBDE26}.Debug|Any CPU.Build.0 = Debug|Any CPU
		{0ACB6669-A921-4C7F-808F-4903A6CBDE26}.Release|Any CPU.ActiveCfg = Release|Any CPU
		{0ACB6669-A921-4C7F-808F-4903A6CBDE26}.Release|Any CPU.Build.0 = Release|Any CPU
	EndGlobalSection
	GlobalSection(SolutionProperties) = preSolution
		HideSolutionNode = FALSE
	EndGlobalSection
	GlobalSection(ExtensibilityGlobals) = postSolution
		SolutionGuid = {BFCA0460-C20A-41BC-961D-C29693EC6E38}
	EndGlobalSection
EndGlobal
